
Microsoft Visual Studio Solution File, Format Version 12.00
# Visual Studio Version 16
VisualStudioVersion = 16.0.30717.126
MinimumVisualStudioVersion = 10.0.40219.1
Project("{9A19103F-16F7-4668-BE54-9A1E7A4F7556}") = "Console", "src\Console\Console.csproj", "{134E0CF0-CA52-442D-859A-4564AD0881A0}"
EndProject
Project("{9A19103F-16F7-4668-BE54-9A1E7A4F7556}") = "Framework", "src\Framework\Framework.csproj", "{3818D7E2-ADDA-440A-9738-A5352004459D}"
EndProject
Project("{2150E333-8FDC-42A3-9474-1A3956D46DE8}") = "src", "src", "{DD066FF5-8125-427D-BBF9-D1F84913F33D}"
EndProject
Project("{2150E333-8FDC-42A3-9474-1A3956D46DE8}") = "Challenges", "Challenges", "{F9CEE843-F992-45BC-9D5E-6F37DEDD9430}"
EndProject
Project("{9A19103F-16F7-4668-BE54-9A1E7A4F7556}") = "DataProvider", "src\DataProvider\DataProvider.csproj", "{90AF636D-1D5F-487F-B0D4-3A71EB871581}"
EndProject
Project("{9A19103F-16F7-4668-BE54-9A1E7A4F7556}") = "ChallengeDay1", "src\DailyChallenges\Day1\ChallengeDay1.csproj", "{F3CB6D3E-52C8-4BB4-847A-20DF888DB347}"
EndProject
Project("{9A19103F-16F7-4668-BE54-9A1E7A4F7556}") = "ChallengeTemplate", "src\DailyChallenges\DayChallengeTemplate\ChallengeTemplate.csproj", "{47276802-318E-4FA3-9CD4-FACD11FD0341}"
EndProject
Project("{2150E333-8FDC-42A3-9474-1A3956D46DE8}") = "test", "test", "{19BF910D-8408-4083-B4A9-64B3FE801023}"
EndProject
Project("{9A19103F-16F7-4668-BE54-9A1E7A4F7556}") = "ChallengeDay2", "src\DailyChallenges\Day2\ChallengeDay2.csproj", "{7DCEFFB5-9372-477E-A596-F383F70366BB}"
EndProject
Project("{9A19103F-16F7-4668-BE54-9A1E7A4F7556}") = "ChallengeDay3", "src\DailyChallenges\Day3\ChallengeDay3.csproj", "{AAFC7F2C-0BEF-451F-A1B5-D109B5C03105}"
EndProject
Project("{9A19103F-16F7-4668-BE54-9A1E7A4F7556}") = "ChallengeDay1Tests", "test\Day1\ChallengeDay1Tests.csproj", "{E98A776C-0E1C-42DD-9106-D1DADFA3E491}"
EndProject
Project("{9A19103F-16F7-4668-BE54-9A1E7A4F7556}") = "ChallengeDay2Tests", "test\Day2\ChallengeDay2Tests.csproj", "{F6E45DFC-1325-4379-A8F8-0E7744326F35}"
EndProject
Project("{9A19103F-16F7-4668-BE54-9A1E7A4F7556}") = "ChallengeDay3Tests", "test\Day3\ChallengeDay3Tests.csproj", "{0B233F50-110B-41F6-A541-0B576333B1D1}"
EndProject
Project("{9A19103F-16F7-4668-BE54-9A1E7A4F7556}") = "ChallengeDay4", "src\DailyChallenges\Day4\ChallengeDay4.csproj", "{C274B600-1A4B-40ED-8496-31A2D60C6A56}"
EndProject
Project("{9A19103F-16F7-4668-BE54-9A1E7A4F7556}") = "ChallengeDay4Tests", "test\Day4\ChallengeDay4Tests.csproj", "{F96A3806-E5BB-40D5-B0B0-4C64999F5BD1}"
EndProject
Project("{9A19103F-16F7-4668-BE54-9A1E7A4F7556}") = "ChallengeDay5Tests", "test\Day5\ChallengeDay5Tests.csproj", "{5C852254-B2AE-4522-ABE8-5A3803AC525A}"
EndProject
Project("{9A19103F-16F7-4668-BE54-9A1E7A4F7556}") = "ChallengeDay5", "src\DailyChallenges\Day5\ChallengeDay5.csproj", "{361D5531-3C2A-4C1A-A638-F06574F03C4D}"
EndProject
Project("{9A19103F-16F7-4668-BE54-9A1E7A4F7556}") = "ChallengeDay6", "src\DailyChallenges\Day6\ChallengeDay6.csproj", "{319DBC82-AA75-4F85-A6F2-AFE64CB30849}"
EndProject
Project("{9A19103F-16F7-4668-BE54-9A1E7A4F7556}") = "ChallengeDay6Tests", "test\Day6\ChallengeDay6Tests.csproj", "{3B985856-55B0-4E91-80F8-501CB181E4F3}"
EndProject
Project("{9A19103F-16F7-4668-BE54-9A1E7A4F7556}") = "ChallengeDay7Tests", "test\Day7\ChallengeDay7Tests.csproj", "{78B3C292-F17A-4AAC-954F-28B34BD3A2D5}"
EndProject
Global
	GlobalSection(SolutionConfigurationPlatforms) = preSolution
		Debug|Any CPU = Debug|Any CPU
		Release|Any CPU = Release|Any CPU
	EndGlobalSection
	GlobalSection(ProjectConfigurationPlatforms) = postSolution
		{134E0CF0-CA52-442D-859A-4564AD0881A0}.Debug|Any CPU.ActiveCfg = Debug|Any CPU
		{134E0CF0-CA52-442D-859A-4564AD0881A0}.Debug|Any CPU.Build.0 = Debug|Any CPU
		{134E0CF0-CA52-442D-859A-4564AD0881A0}.Release|Any CPU.ActiveCfg = Release|Any CPU
		{134E0CF0-CA52-442D-859A-4564AD0881A0}.Release|Any CPU.Build.0 = Release|Any CPU
		{3818D7E2-ADDA-440A-9738-A5352004459D}.Debug|Any CPU.ActiveCfg = Debug|Any CPU
		{3818D7E2-ADDA-440A-9738-A5352004459D}.Debug|Any CPU.Build.0 = Debug|Any CPU
		{3818D7E2-ADDA-440A-9738-A5352004459D}.Release|Any CPU.ActiveCfg = Release|Any CPU
		{3818D7E2-ADDA-440A-9738-A5352004459D}.Release|Any CPU.Build.0 = Release|Any CPU
		{90AF636D-1D5F-487F-B0D4-3A71EB871581}.Debug|Any CPU.ActiveCfg = Debug|Any CPU
		{90AF636D-1D5F-487F-B0D4-3A71EB871581}.Debug|Any CPU.Build.0 = Debug|Any CPU
		{90AF636D-1D5F-487F-B0D4-3A71EB871581}.Release|Any CPU.ActiveCfg = Release|Any CPU
		{90AF636D-1D5F-487F-B0D4-3A71EB871581}.Release|Any CPU.Build.0 = Release|Any CPU
		{F3CB6D3E-52C8-4BB4-847A-20DF888DB347}.Debug|Any CPU.ActiveCfg = Debug|Any CPU
		{F3CB6D3E-52C8-4BB4-847A-20DF888DB347}.Debug|Any CPU.Build.0 = Debug|Any CPU
		{F3CB6D3E-52C8-4BB4-847A-20DF888DB347}.Release|Any CPU.ActiveCfg = Release|Any CPU
		{F3CB6D3E-52C8-4BB4-847A-20DF888DB347}.Release|Any CPU.Build.0 = Release|Any CPU
		{47276802-318E-4FA3-9CD4-FACD11FD0341}.Debug|Any CPU.ActiveCfg = Debug|Any CPU
		{47276802-318E-4FA3-9CD4-FACD11FD0341}.Debug|Any CPU.Build.0 = Debug|Any CPU
		{47276802-318E-4FA3-9CD4-FACD11FD0341}.Release|Any CPU.ActiveCfg = Release|Any CPU
		{47276802-318E-4FA3-9CD4-FACD11FD0341}.Release|Any CPU.Build.0 = Release|Any CPU
		{7DCEFFB5-9372-477E-A596-F383F70366BB}.Debug|Any CPU.ActiveCfg = Debug|Any CPU
		{7DCEFFB5-9372-477E-A596-F383F70366BB}.Debug|Any CPU.Build.0 = Debug|Any CPU
		{7DCEFFB5-9372-477E-A596-F383F70366BB}.Release|Any CPU.ActiveCfg = Release|Any CPU
		{7DCEFFB5-9372-477E-A596-F383F70366BB}.Release|Any CPU.Build.0 = Release|Any CPU
		{AAFC7F2C-0BEF-451F-A1B5-D109B5C03105}.Debug|Any CPU.ActiveCfg = Debug|Any CPU
		{AAFC7F2C-0BEF-451F-A1B5-D109B5C03105}.Debug|Any CPU.Build.0 = Debug|Any CPU
		{AAFC7F2C-0BEF-451F-A1B5-D109B5C03105}.Release|Any CPU.ActiveCfg = Release|Any CPU
		{AAFC7F2C-0BEF-451F-A1B5-D109B5C03105}.Release|Any CPU.Build.0 = Release|Any CPU
		{E98A776C-0E1C-42DD-9106-D1DADFA3E491}.Debug|Any CPU.ActiveCfg = Debug|Any CPU
		{E98A776C-0E1C-42DD-9106-D1DADFA3E491}.Debug|Any CPU.Build.0 = Debug|Any CPU
		{E98A776C-0E1C-42DD-9106-D1DADFA3E491}.Release|Any CPU.ActiveCfg = Release|Any CPU
		{E98A776C-0E1C-42DD-9106-D1DADFA3E491}.Release|Any CPU.Build.0 = Release|Any CPU
		{F6E45DFC-1325-4379-A8F8-0E7744326F35}.Debug|Any CPU.ActiveCfg = Debug|Any CPU
		{F6E45DFC-1325-4379-A8F8-0E7744326F35}.Debug|Any CPU.Build.0 = Debug|Any CPU
		{F6E45DFC-1325-4379-A8F8-0E7744326F35}.Release|Any CPU.ActiveCfg = Release|Any CPU
		{F6E45DFC-1325-4379-A8F8-0E7744326F35}.Release|Any CPU.Build.0 = Release|Any CPU
		{0B233F50-110B-41F6-A541-0B576333B1D1}.Debug|Any CPU.ActiveCfg = Debug|Any CPU
		{0B233F50-110B-41F6-A541-0B576333B1D1}.Debug|Any CPU.Build.0 = Debug|Any CPU
		{0B233F50-110B-41F6-A541-0B576333B1D1}.Release|Any CPU.ActiveCfg = Release|Any CPU
		{0B233F50-110B-41F6-A541-0B576333B1D1}.Release|Any CPU.Build.0 = Release|Any CPU
		{C274B600-1A4B-40ED-8496-31A2D60C6A56}.Debug|Any CPU.ActiveCfg = Debug|Any CPU
		{C274B600-1A4B-40ED-8496-31A2D60C6A56}.Debug|Any CPU.Build.0 = Debug|Any CPU
		{C274B600-1A4B-40ED-8496-31A2D60C6A56}.Release|Any CPU.ActiveCfg = Release|Any CPU
		{C274B600-1A4B-40ED-8496-31A2D60C6A56}.Release|Any CPU.Build.0 = Release|Any CPU
		{F96A3806-E5BB-40D5-B0B0-4C64999F5BD1}.Debug|Any CPU.ActiveCfg = Debug|Any CPU
		{F96A3806-E5BB-40D5-B0B0-4C64999F5BD1}.Debug|Any CPU.Build.0 = Debug|Any CPU
		{F96A3806-E5BB-40D5-B0B0-4C64999F5BD1}.Release|Any CPU.ActiveCfg = Release|Any CPU
		{F96A3806-E5BB-40D5-B0B0-4C64999F5BD1}.Release|Any CPU.Build.0 = Release|Any CPU
		{5C852254-B2AE-4522-ABE8-5A3803AC525A}.Debug|Any CPU.ActiveCfg = Debug|Any CPU
		{5C852254-B2AE-4522-ABE8-5A3803AC525A}.Debug|Any CPU.Build.0 = Debug|Any CPU
		{5C852254-B2AE-4522-ABE8-5A3803AC525A}.Release|Any CPU.ActiveCfg = Release|Any CPU
		{5C852254-B2AE-4522-ABE8-5A3803AC525A}.Release|Any CPU.Build.0 = Release|Any CPU
		{361D5531-3C2A-4C1A-A638-F06574F03C4D}.Debug|Any CPU.ActiveCfg = Debug|Any CPU
		{361D5531-3C2A-4C1A-A638-F06574F03C4D}.Debug|Any CPU.Build.0 = Debug|Any CPU
		{361D5531-3C2A-4C1A-A638-F06574F03C4D}.Release|Any CPU.ActiveCfg = Release|Any CPU
		{361D5531-3C2A-4C1A-A638-F06574F03C4D}.Release|Any CPU.Build.0 = Release|Any CPU
		{319DBC82-AA75-4F85-A6F2-AFE64CB30849}.Debug|Any CPU.ActiveCfg = Debug|Any CPU
		{319DBC82-AA75-4F85-A6F2-AFE64CB30849}.Debug|Any CPU.Build.0 = Debug|Any CPU
		{319DBC82-AA75-4F85-A6F2-AFE64CB30849}.Release|Any CPU.ActiveCfg = Release|Any CPU
		{319DBC82-AA75-4F85-A6F2-AFE64CB30849}.Release|Any CPU.Build.0 = Release|Any CPU
		{3B985856-55B0-4E91-80F8-501CB181E4F3}.Debug|Any CPU.ActiveCfg = Debug|Any CPU
		{3B985856-55B0-4E91-80F8-501CB181E4F3}.Debug|Any CPU.Build.0 = Debug|Any CPU
		{3B985856-55B0-4E91-80F8-501CB181E4F3}.Release|Any CPU.ActiveCfg = Release|Any CPU
		{3B985856-55B0-4E91-80F8-501CB181E4F3}.Release|Any CPU.Build.0 = Release|Any CPU
		{78B3C292-F17A-4AAC-954F-28B34BD3A2D5}.Debug|Any CPU.ActiveCfg = Debug|Any CPU
		{78B3C292-F17A-4AAC-954F-28B34BD3A2D5}.Debug|Any CPU.Build.0 = Debug|Any CPU
		{78B3C292-F17A-4AAC-954F-28B34BD3A2D5}.Release|Any CPU.ActiveCfg = Release|Any CPU
		{78B3C292-F17A-4AAC-954F-28B34BD3A2D5}.Release|Any CPU.Build.0 = Release|Any CPU
	EndGlobalSection
	GlobalSection(SolutionProperties) = preSolution
		HideSolutionNode = FALSE
	EndGlobalSection
	GlobalSection(NestedProjects) = preSolution
		{134E0CF0-CA52-442D-859A-4564AD0881A0} = {DD066FF5-8125-427D-BBF9-D1F84913F33D}
		{3818D7E2-ADDA-440A-9738-A5352004459D} = {DD066FF5-8125-427D-BBF9-D1F84913F33D}
		{F9CEE843-F992-45BC-9D5E-6F37DEDD9430} = {DD066FF5-8125-427D-BBF9-D1F84913F33D}
		{90AF636D-1D5F-487F-B0D4-3A71EB871581} = {DD066FF5-8125-427D-BBF9-D1F84913F33D}
		{F3CB6D3E-52C8-4BB4-847A-20DF888DB347} = {F9CEE843-F992-45BC-9D5E-6F37DEDD9430}
		{47276802-318E-4FA3-9CD4-FACD11FD0341} = {F9CEE843-F992-45BC-9D5E-6F37DEDD9430}
		{7DCEFFB5-9372-477E-A596-F383F70366BB} = {F9CEE843-F992-45BC-9D5E-6F37DEDD9430}
		{AAFC7F2C-0BEF-451F-A1B5-D109B5C03105} = {F9CEE843-F992-45BC-9D5E-6F37DEDD9430}
		{E98A776C-0E1C-42DD-9106-D1DADFA3E491} = {19BF910D-8408-4083-B4A9-64B3FE801023}
		{F6E45DFC-1325-4379-A8F8-0E7744326F35} = {19BF910D-8408-4083-B4A9-64B3FE801023}
		{0B233F50-110B-41F6-A541-0B576333B1D1} = {19BF910D-8408-4083-B4A9-64B3FE801023}
		{C274B600-1A4B-40ED-8496-31A2D60C6A56} = {F9CEE843-F992-45BC-9D5E-6F37DEDD9430}
		{F96A3806-E5BB-40D5-B0B0-4C64999F5BD1} = {19BF910D-8408-4083-B4A9-64B3FE801023}
		{5C852254-B2AE-4522-ABE8-5A3803AC525A} = {19BF910D-8408-4083-B4A9-64B3FE801023}
		{361D5531-3C2A-4C1A-A638-F06574F03C4D} = {F9CEE843-F992-45BC-9D5E-6F37DEDD9430}
		{319DBC82-AA75-4F85-A6F2-AFE64CB30849} = {F9CEE843-F992-45BC-9D5E-6F37DEDD9430}
		{3B985856-55B0-4E91-80F8-501CB181E4F3} = {19BF910D-8408-4083-B4A9-64B3FE801023}
		{78B3C292-F17A-4AAC-954F-28B34BD3A2D5} = {19BF910D-8408-4083-B4A9-64B3FE801023}
	EndGlobalSection
	GlobalSection(ExtensibilityGlobals) = postSolution
		SolutionGuid = {6F9225DF-9F13-491C-872F-60D34D7274C5}
	EndGlobalSection
EndGlobal
